
Microsoft Visual Studio Solution File, Format Version 12.00
# Visual Studio Version 16
VisualStudioVersion = 16.0.28803.156
MinimumVisualStudioVersion = 10.0.40219.1
Project("{8BC9CEB8-8B4A-11D0-8D11-00A0C91BC942}") = "MFCCaptionBar10", "MFCCaptionBar10\MFCCaptionBar.vcxproj", "{BEB4B5DA-20F4-4028-9109-AB666C027F69}"
EndProject
Project("{8BC9CEB8-8B4A-11D0-8D11-00A0C91BC942}") = "CaptionBarShared", "Shared\CaptionBarShared.vcxitems", "{A5679B00-962B-47F3-A618-B55EBC462F58}"
EndProject
Global
	GlobalSection(SharedMSBuildProjectFiles) = preSolution
		Shared\CaptionBarShared.vcxitems*{a5679b00-962b-47f3-a618-b55ebc462f58}*SharedItemsImports = 9
		Shared\CaptionBarShared.vcxitems*{beb4b5da-20f4-4028-9109-ab666c027f69}*SharedItemsImports = 4
	EndGlobalSection
	GlobalSection(SolutionConfigurationPlatforms) = preSolution
		Debug|x64 = Debug|x64
		Debug|x86 = Debug|x86
		Release|x64 = Release|x64
		Release|x86 = Release|x86
	EndGlobalSection
	GlobalSection(ProjectConfigurationPlatforms) = postSolution
		{BEB4B5DA-20F4-4028-9109-AB666C027F69}.Debug|x64.ActiveCfg = Debug|x64
		{BEB4B5DA-20F4-4028-9109-AB666C027F69}.Debug|x64.Build.0 = Debug|x64
		{BEB4B5DA-20F4-4028-9109-AB666C027F69}.Debug|x86.ActiveCfg = Debug|Win32
		{BEB4B5DA-20F4-4028-9109-AB666C027F69}.Debug|x86.Build.0 = Debug|Win32
		{BEB4B5DA-20F4-4028-9109-AB666C027F69}.Release|x64.ActiveCfg = Release|x64
		{BEB4B5DA-20F4-4028-9109-AB666C027F69}.Release|x64.Build.0 = Release|x64
		{BEB4B5DA-20F4-4028-9109-AB666C027F69}.Release|x86.ActiveCfg = Release|Win32
		{BEB4B5DA-20F4-4028-9109-AB666C027F69}.Release|x86.Build.0 = Release|Win32
	EndGlobalSection
	GlobalSection(SolutionProperties) = preSolution
		HideSolutionNode = FALSE
	EndGlobalSection
	GlobalSection(ExtensibilityGlobals) = postSolution
		SolutionGuid = {B71BCB7F-66CE-4043-BBA1-57E6D03E76E6}
	EndGlobalSection
EndGlobal
